<?xml version="1.0" encoding="UTF-8"?>
<CONFIG>
  <ProjectOptions>
    <Version Value="12"/>
    <PathDelim Value="\"/>
    <General>
      <SessionStorage Value="InProjectDir"/>
      <Title Value="SistemaEmpresarial"/>
      <Scaled Value="True"/>
      <ResourceType Value="res"/>
      <UseXPManifest Value="True"/>
      <XPManifest>
        <DpiAware Value="True"/>
      </XPManifest>
      <Icon Value="0"/>
    </General>
    <BuildModes>
      <Item Name="Default" Default="True"/>
    </BuildModes>
    <PublishOptions>
      <Version Value="2"/>
      <UseFileFilters Value="True"/>
    </PublishOptions>
    <RunParams>
      <FormatVersion Value="2"/>
    </RunParams>
    <RequiredPackages>
      <Item>
        <PackageName Value="frce"/>
      </Item>
      <Item>
        <PackageName Value="DateTimeCtrls"/>
      </Item>
      <Item>
        <PackageName Value="FCL"/>
      </Item>
      <Item>
        <PackageName Value="zcomponent"/>
      </Item>
      <Item>
        <PackageName Value="LCL"/>
      </Item>
    </RequiredPackages>
    <Units>
      <Unit>
        <Filename Value="sistemaempresarial.lpr"/>
        <IsPartOfProject Value="True"/>
        <UnitName Value="SistemaEmpresarial"/>
      </Unit>
      <Unit>
        <Filename Value="umenu.pas"/>
        <IsPartOfProject Value="True"/>
        <ComponentName Value="FMenu"/>
        <HasResources Value="True"/>
        <ResourceBaseClass Value="Form"/>
        <UnitName Value="UMenu"/>
      </Unit>
      <Unit>
        <Filename Value="udatamodule1.pas"/>
        <IsPartOfProject Value="True"/>
        <ComponentName Value="DataModule1"/>
        <HasResources Value="True"/>
        <ResourceBaseClass Value="DataModule"/>
        <UnitName Value="uDataModule1"/>
      </Unit>
      <Unit>
        <Filename Value="ucadastrocliente.pas"/>
        <IsPartOfProject Value="True"/>
        <ComponentName Value="FCadastroCliente"/>
        <HasResources Value="True"/>
        <ResourceBaseClass Value="Form"/>
        <UnitName Value="UCadastroCliente"/>
      </Unit>
      <Unit>
        <Filename Value="uedicaocliente.pas"/>
        <IsPartOfProject Value="True"/>
        <ComponentName Value="FEdicaoCliente"/>
        <HasResources Value="True"/>
        <ResourceBaseClass Value="Form"/>
        <UnitName Value="uEdicaoCliente"/>
      </Unit>
      <Unit>
        <Filename Value="ucadastroproduto.pas"/>
        <IsPartOfProject Value="True"/>
        <ComponentName Value="FCadastroProduto"/>
        <HasResources Value="True"/>
        <ResourceBaseClass Value="Form"/>
        <UnitName Value="uCadastroProduto"/>
      </Unit>
      <Unit>
        <Filename Value="uedicaoproduto.pas"/>
        <IsPartOfProject Value="True"/>
        <ComponentName Value="FEdicaoProduto"/>
        <HasResources Value="True"/>
        <ResourceBaseClass Value="Form"/>
        <UnitName Value="uEdicaoProduto"/>
      </Unit>
      <Unit>
        <Filename Value="updv.pas"/>
        <IsPartOfProject Value="True"/>
        <ComponentName Value="FPDV"/>
        <HasResources Value="True"/>
        <ResourceBaseClass Value="Form"/>
        <UnitName Value="uPDV"/>
      </Unit>
      <Unit>
        <Filename Value="uedicaoitemvenda.pas"/>
        <IsPartOfProject Value="True"/>
        <ComponentName Value="FEdicaoItemVenda"/>
        <HasResources Value="True"/>
        <ResourceBaseClass Value="Form"/>
        <UnitName Value="uEdicaoItemVenda"/>
      </Unit>
      <Unit>
        <Filename Value="uconsultavendas.pas"/>
        <IsPartOfProject Value="True"/>
        <ComponentName Value="FConsultaVendas"/>
        <HasResources Value="True"/>
        <ResourceBaseClass Value="Form"/>
        <UnitName Value="uConsultaVendas"/>
      </Unit>
      <Unit>
        <Filename Value="ucontasareceber.pas"/>
        <IsPartOfProject Value="True"/>
        <ComponentName Value="FContasAReceber"/>
        <HasResources Value="True"/>
        <ResourceBaseClass Value="Form"/>
        <UnitName Value="uContasAReceber"/>
      </Unit>
      <Unit>
        <Filename Value="urelatoriocontasareceber.pas"/>
        <IsPartOfProject Value="True"/>
        <ComponentName Value="FRelatorioContasAReceber"/>
        <HasResources Value="True"/>
        <ResourceBaseClass Value="Form"/>
        <UnitName Value="uRelatorioContasAReceber"/>
      </Unit>
      <Unit>
        <Filename Value="usplash.pas"/>
        <IsPartOfProject Value="True"/>
        <ComponentName Value="frmSplash"/>
        <ResourceBaseClass Value="Form"/>
        <UnitName Value="uSplash"/>
      </Unit>
    </Units>
  </ProjectOptions>
  <CompilerOptions>
    <Version Value="11"/>
    <PathDelim Value="\"/>
    <Target>
      <Filename Value="SistemaEmpresarial"/>
    </Target>
    <SearchPaths>
      <IncludeFiles Value="$(ProjOutDir)"/>
      <UnitOutputDirectory Value="lib\$(TargetCPU)-$(TargetOS)"/>
    </SearchPaths>
    <Linking>
      <Debugging>
        <GenerateDebugInfo Value="False"/>
        <DebugInfoType Value="dsDwarf2Set"/>
      </Debugging>
      <Options>
        <Win32>
          <GraphicApplication Value="True"/>
        </Win32>
      </Options>
    </Linking>
  </CompilerOptions>
  <Debugging>
    <Exceptions>
      <Item>
        <Name Value="EAbort"/>
      </Item>
      <Item>
        <Name Value="ECodetoolError"/>
      </Item>
      <Item>
        <Name Value="EFOpenError"/>
      </Item>
    </Exceptions>
  </Debugging>
</CONFIG>
